Microsoft Visual Studio Solution File, Format Version 12.00
# Visual Studio Version 17
VisualStudioVersion = 17.0.31903.59
MinimumVisualStudioVersion = 10.0.40219.1
Project("{FAE04EC0-301F-11D3-BF4B-00C04F79EFBC}") = "OrderItemsReserver", "OrderItemsReserver\OrderItemsReserver.csproj", "{808DF903-0177-4D13-970B-7A55F6C2E403}"
EndProject
Global
	GlobalSection(SolutionConfigurationPlatforms) = preSolution
		Debug|Any CPU = Debug|Any CPU
		Release|Any CPU = Release|Any CPU
	EndGlobalSection
	GlobalSection(ProjectConfigurationPlatforms) = postSolution
		{808DF903-0177-4D13-970B-7A55F6C2E403}.Debug|Any CPU.ActiveCfg = Debug|Any CPU
		{808DF903-0177-4D13-970B-7A55F6C2E403}.Debug|Any CPU.Build.0 = Debug|Any CPU
		{808DF903-0177-4D13-970B-7A55F6C2E403}.Release|Any CPU.ActiveCfg = Release|Any CPU
		{808DF903-0177-4D13-970B-7A55F6C2E403}.Release|Any CPU.Build.0 = Release|Any CPU
	EndGlobalSection
	GlobalSection(SolutionProperties) = preSolution
		HideSolutionNode = FALSE
	EndGlobalSection
	GlobalSection(ExtensibilityGlobals) = postSolution
		SolutionGuid = {E7DDCBC4-1D86-4A94-B060-3D976E0F1BC7}
	EndGlobalSection
EndGlobal